
Microsoft Visual Studio Solution File, Format Version 12.00
# Visual Studio Version 16
VisualStudioVersion = 16.0.30011.22
MinimumVisualStudioVersion = 10.0.40219.1
Project("{2150E333-8FDC-42A3-9474-1A3956D46DE8}") = "Services", "Services", "{743D3AEE-772D-4BD9-BF12-705FE192E5FE}"
EndProject
Project("{2150E333-8FDC-42A3-9474-1A3956D46DE8}") = "Catalog", "Catalog", "{7280484D-FB29-436B-B5A5-D83EEC6DF440}"
EndProject
Project("{9A19103F-16F7-4668-BE54-9A1E7A4F7556}") = "Catalog.API", "Services\Catalog\Catalog.API\Catalog.API.csproj", "{CE0281C7-9ECB-4914-ABE2-31BBE9F37187}"
EndProject
Project("{E53339B2-1760-4266-BCC7-CA923CBCF16C}") = "docker-compose", "docker-compose.dcproj", "{389EE509-3046-4B91-9A92-C58013B5EEEC}"
EndProject
Project("{2150E333-8FDC-42A3-9474-1A3956D46DE8}") = "Basket", "Basket", "{E9C01490-0F7D-4473-92BD-C142930325F0}"
EndProject
Project("{9A19103F-16F7-4668-BE54-9A1E7A4F7556}") = "Basket.API", "Services\Basket\Basket.API\Basket.API.csproj", "{7B1EC7FF-97E7-4347-9C34-ADDD6CE61469}"
EndProject
Project("{2150E333-8FDC-42A3-9474-1A3956D46DE8}") = "Discount", "Discount", "{F64E1DB7-2115-4B1A-B524-FCBEE6665005}"
EndProject
Project("{9A19103F-16F7-4668-BE54-9A1E7A4F7556}") = "Discount.API", "Services\Discount\Discount.API\Discount.API.csproj", "{06CFF602-354E-4A4B-9E11-AE9074D1E74D}"
EndProject
Project("{9A19103F-16F7-4668-BE54-9A1E7A4F7556}") = "Discount.Grpc", "Services\Discount\Discount.Grpc\Discount.Grpc.csproj", "{5B79BFDE-9217-411A-949F-5C1585B7D3B8}"
EndProject
Project("{2150E333-8FDC-42A3-9474-1A3956D46DE8}") = "Ordering", "Ordering", "{7334BB73-E886-4E0C-9D3C-3477E1DB4492}"
EndProject
Project("{FAE04EC0-301F-11D3-BF4B-00C04F79EFBC}") = "Ordering.API", "Services\Ordering\Ordering.API\Ordering.API.csproj", "{EFE67E7C-A094-400E-8A1A-3CBE2E6C7694}"
EndProject
Global
	GlobalSection(SolutionConfigurationPlatforms) = preSolution
		Debug|Any CPU = Debug|Any CPU
		Release|Any CPU = Release|Any CPU
	EndGlobalSection
	GlobalSection(ProjectConfigurationPlatforms) = postSolution
		{CE0281C7-9ECB-4914-ABE2-31BBE9F37187}.Debug|Any CPU.ActiveCfg = Debug|Any CPU
		{CE0281C7-9ECB-4914-ABE2-31BBE9F37187}.Debug|Any CPU.Build.0 = Debug|Any CPU
		{CE0281C7-9ECB-4914-ABE2-31BBE9F37187}.Release|Any CPU.ActiveCfg = Release|Any CPU
		{CE0281C7-9ECB-4914-ABE2-31BBE9F37187}.Release|Any CPU.Build.0 = Release|Any CPU
		{389EE509-3046-4B91-9A92-C58013B5EEEC}.Debug|Any CPU.ActiveCfg = Debug|Any CPU
		{389EE509-3046-4B91-9A92-C58013B5EEEC}.Debug|Any CPU.Build.0 = Debug|Any CPU
		{389EE509-3046-4B91-9A92-C58013B5EEEC}.Release|Any CPU.ActiveCfg = Release|Any CPU
		{389EE509-3046-4B91-9A92-C58013B5EEEC}.Release|Any CPU.Build.0 = Release|Any CPU
		{7B1EC7FF-97E7-4347-9C34-ADDD6CE61469}.Debug|Any CPU.ActiveCfg = Debug|Any CPU
		{7B1EC7FF-97E7-4347-9C34-ADDD6CE61469}.Debug|Any CPU.Build.0 = Debug|Any CPU
		{7B1EC7FF-97E7-4347-9C34-ADDD6CE61469}.Release|Any CPU.ActiveCfg = Release|Any CPU
		{7B1EC7FF-97E7-4347-9C34-ADDD6CE61469}.Release|Any CPU.Build.0 = Release|Any CPU
		{06CFF602-354E-4A4B-9E11-AE9074D1E74D}.Debug|Any CPU.ActiveCfg = Debug|Any CPU
		{06CFF602-354E-4A4B-9E11-AE9074D1E74D}.Debug|Any CPU.Build.0 = Debug|Any CPU
		{06CFF602-354E-4A4B-9E11-AE9074D1E74D}.Release|Any CPU.ActiveCfg = Release|Any CPU
		{06CFF602-354E-4A4B-9E11-AE9074D1E74D}.Release|Any CPU.Build.0 = Release|Any CPU
		{5B79BFDE-9217-411A-949F-5C1585B7D3B8}.Debug|Any CPU.ActiveCfg = Debug|Any CPU
		{5B79BFDE-9217-411A-949F-5C1585B7D3B8}.Debug|Any CPU.Build.0 = Debug|Any CPU
		{5B79BFDE-9217-411A-949F-5C1585B7D3B8}.Release|Any CPU.ActiveCfg = Release|Any CPU
		{5B79BFDE-9217-411A-949F-5C1585B7D3B8}.Release|Any CPU.Build.0 = Release|Any CPU
		{EFE67E7C-A094-400E-8A1A-3CBE2E6C7694}.Debug|Any CPU.ActiveCfg = Debug|Any CPU
		{EFE67E7C-A094-400E-8A1A-3CBE2E6C7694}.Debug|Any CPU.Build.0 = Debug|Any CPU
		{EFE67E7C-A094-400E-8A1A-3CBE2E6C7694}.Release|Any CPU.ActiveCfg = Release|Any CPU
		{EFE67E7C-A094-400E-8A1A-3CBE2E6C7694}.Release|Any CPU.Build.0 = Release|Any CPU
	EndGlobalSection
	GlobalSection(SolutionProperties) = preSolution
		HideSolutionNode = FALSE
	EndGlobalSection
	GlobalSection(NestedProjects) = preSolution
		{7280484D-FB29-436B-B5A5-D83EEC6DF440} = {743D3AEE-772D-4BD9-BF12-705FE192E5FE}
		{CE0281C7-9ECB-4914-ABE2-31BBE9F37187} = {7280484D-FB29-436B-B5A5-D83EEC6DF440}
		{E9C01490-0F7D-4473-92BD-C142930325F0} = {743D3AEE-772D-4BD9-BF12-705FE192E5FE}
		{7B1EC7FF-97E7-4347-9C34-ADDD6CE61469} = {E9C01490-0F7D-4473-92BD-C142930325F0}
		{F64E1DB7-2115-4B1A-B524-FCBEE6665005} = {743D3AEE-772D-4BD9-BF12-705FE192E5FE}
		{06CFF602-354E-4A4B-9E11-AE9074D1E74D} = {F64E1DB7-2115-4B1A-B524-FCBEE6665005}
		{5B79BFDE-9217-411A-949F-5C1585B7D3B8} = {F64E1DB7-2115-4B1A-B524-FCBEE6665005}
		{7334BB73-E886-4E0C-9D3C-3477E1DB4492} = {743D3AEE-772D-4BD9-BF12-705FE192E5FE}
		{EFE67E7C-A094-400E-8A1A-3CBE2E6C7694} = {7334BB73-E886-4E0C-9D3C-3477E1DB4492}
	EndGlobalSection
	GlobalSection(ExtensibilityGlobals) = postSolution
		SolutionGuid = {89572B74-F1F7-4B9E-93FA-0746981B7160}
	EndGlobalSection
EndGlobal
